# This file is automatically @generated by Poetry 1.8.4 and should not be changed by hand.

[[package]]
name = "attrs"
version = "24.2.0"
description = "Classes Without Boilerplate"
optional = false
python-versions = ">=3.7"
files = [
    {file = "attrs-24.2.0-py3-none-any.whl", hash = "sha256:81921eb96de3191c8258c199618104dd27ac608d9366f5e35d011eae1867ede2"},
    {file = "attrs-24.2.0.tar.gz", hash = "sha256:5cfb1b9148b5b086569baec03f20d7b6bf3bcacc9a42bebf87ffaaca362f6346"},
]

[package.extras]
benchmark = ["cloudpickle", "hypothesis", "mypy (>=1.11.1)", "pympler", "pytest (>=4.3.0)", "pytest-codspeed", "pytest-mypy-plugins", "pytest-xdist[psutil]"]
cov = ["cloudpickle", "coverage[toml] (>=5.3)", "hypothesis", "mypy (>=1.11.1)", "pympler", "pytest (>=4.3.0)", "pytest-mypy-plugins", "pytest-xdist[psutil]"]
dev = ["cloudpickle", "hypothesis", "mypy (>=1.11.1)", "pre-commit", "pympler", "pytest (>=4.3.0)", "pytest-mypy-plugins", "pytest-xdist[psutil]"]
docs = ["cogapp", "furo", "myst-parser", "sphinx", "sphinx-notfound-page", "sphinxcontrib-towncrier", "towncrier (<24.7)"]
tests = ["cloudpickle", "hypothesis", "mypy (>=1.11.1)", "pympler", "pytest (>=4.3.0)", "pytest-mypy-plugins", "pytest-xdist[psutil]"]
tests-mypy = ["mypy (>=1.11.1)", "pytest-mypy-plugins"]

[[package]]
name = "automat"
version = "24.8.1"
description = "Self-service finite-state machines for the programmer on the go."
optional = false
python-versions = ">=3.8"
files = [
    {file = "Automat-24.8.1-py3-none-any.whl", hash = "sha256:bf029a7bc3da1e2c24da2343e7598affaa9f10bf0ab63ff808566ce90551e02a"},
    {file = "automat-24.8.1.tar.gz", hash = "sha256:b34227cf63f6325b8ad2399ede780675083e439b20c323d376373d8ee6306d88"},
]

[package.extras]
visualize = ["Twisted (>=16.1.1)", "graphviz (>0.5.1)"]

[[package]]
name = "constantly"
version = "23.10.4"
description = "Symbolic constants in Python"
optional = false
python-versions = ">=3.8"
files = [
    {file = "constantly-23.10.4-py3-none-any.whl", hash = "sha256:3fd9b4d1c3dc1ec9757f3c52aef7e53ad9323dbe39f51dfd4c43853b68dfa3f9"},
    {file = "constantly-23.10.4.tar.gz", hash = "sha256:aa92b70a33e2ac0bb33cd745eb61776594dc48764b06c35e0efd050b7f1c7cbd"},
]

[[package]]
name = "hyperlink"
version = "21.0.0"
description = "A featureful, immutable, and correct URL for Python."
optional = false
python-versions = ">=2.6, !=3.0.*, !=3.1.*, !=3.2.*, !=3.3.*"
files = [
    {file = "hyperlink-21.0.0-py2.py3-none-any.whl", hash = "sha256:e6b14c37ecb73e89c77d78cdb4c2cc8f3fb59a885c5b3f819ff4ed80f25af1b4"},
    {file = "hyperlink-21.0.0.tar.gz", hash = "sha256:427af957daa58bc909471c6c40f74c5450fa123dd093fc53efd2e91d2705a56b"},
]

[package.dependencies]
idna = ">=2.5"

[[package]]
name = "idna"
version = "3.10"
description = "Internationalized Domain Names in Applications (IDNA)"
optional = false
python-versions = ">=3.6"
files = [
    {file = "idna-3.10-py3-none-any.whl", hash = "sha256:946d195a0d259cbba61165e88e65941f16e9b36ea6ddb97f00452bae8b1287d3"},
    {file = "idna-3.10.tar.gz", hash = "sha256:12f65c9b470abda6dc35cf8e63cc574b1c52b11df2c86030af0ac09b01b13ea9"},
]

[package.extras]
all = ["flake8 (>=7.1.1)", "mypy (>=1.11.2)", "pytest (>=8.3.2)", "ruff (>=0.6.2)"]

[[package]]
name = "incremental"
version = "24.7.2"
description = "A small library that versions your Python projects."
optional = false
python-versions = ">=3.8"
files = [
    {file = "incremental-24.7.2-py3-none-any.whl", hash = "sha256:8cb2c3431530bec48ad70513931a760f446ad6c25e8333ca5d95e24b0ed7b8fe"},
    {file = "incremental-24.7.2.tar.gz", hash = "sha256:fb4f1d47ee60efe87d4f6f0ebb5f70b9760db2b2574c59c8e8912be4ebd464c9"},
]

[package.dependencies]
setuptools = ">=61.0"

[package.extras]
scripts = ["click (>=6.0)"]

[[package]]
name = "kademlia"
version = "2.2.2"
description = "Kademlia is a distributed hash table for decentralized peer-to-peer computer networks."
optional = false
python-versions = "*"
files = [
    {file = "kademlia-2.2.2-py3-none-any.whl", hash = "sha256:47696d2e75d60d71eda47fe2e21a96312b0a05f850f9a6910073b5cd79494d0e"},
    {file = "kademlia-2.2.2.tar.gz", hash = "sha256:22928c2e92544c7223ed5905c42bfea291336851beec7de436af4ca41ac0d8eb"},
]

[package.dependencies]
rpcudp = ">=4.0.1"

[[package]]
name = "miniupnpc"
version = "2.2.8"
description = "MiniUPnP IGD client"
optional = false
python-versions = "*"
files = [
    {file = "miniupnpc-2.2.8-cp27-cp27m-win32.whl", hash = "sha256:138b891bb3df637b55300aa0c460ba7d80e34123bd8055f33b23b5875c154cd2"},
    {file = "miniupnpc-2.2.8-cp310-cp310-macosx_11_0_arm64.whl", hash = "sha256:5a2abf9fc96ddc79934eefe58d58be1ec5f485893dee66b19e55dcf821d1c200"},
    {file = "miniupnpc-2.2.8-cp310-cp310-macosx_11_0_universal2.whl", hash = "sha256:073dfbd900c99e0f381f768427564582d411144968fb67be24689a9b3e715f26"},
    {file = "miniupnpc-2.2.8-cp310-cp310-macosx_11_0_x86_64.whl", hash = "sha256:ac1e6a9a98283e76518c367d4e347e9b8cdca1ae6e00e76b740e872e042b5890"},
    {file = "miniupnpc-2.2.8-cp310-cp310-manylinux_2_12_x86_64.manylinux2010_x86_64.whl", hash = "sha256:6f462ae7c85c0a8ecd5a9c638ac8f089753c8f2db12b12fb27c0e8e1f150f409"},
    {file = "miniupnpc-2.2.8-cp310-cp310-manylinux_2_17_aarch64.manylinux2014_aarch64.whl", hash = "sha256:f89699e2c4e6ee09ac7b0a29bde8b85ea0806f5f94161001e52c42e6d872f2c4"},
    {file = "miniupnpc-2.2.8-cp310-cp310-win32.whl", hash = "sha256:4f48ba22eff9daeae322ad4e215f64579671f006559774fdc84319425305336f"},
    {file = "miniupnpc-2.2.8-cp310-cp310-win_amd64.whl", hash = "sha256:439c295f1c6043f1596dc1bc02fbf95874e56051466684e57d4e36b50253f262"},
    {file = "miniupnpc-2.2.8-cp311-cp311-macosx_11_0_arm64.whl", hash = "sha256:86301ac2b5c853d77c1ff718b1636247952dfe0e712dd93fe8adba6734c97324"},
    {file = "miniupnpc-2.2.8-cp311-cp311-macosx_11_0_universal2.whl", hash = "sha256:039fc70ff1bb187067ff74767da91e6a0294815b8eedb73b66caf64f0482e536"},
    {file = "miniupnpc-2.2.8-cp311-cp311-macosx_11_0_x86_64.whl", hash = "sha256:7fc492cfb98cdd589a4b18426589f6eb3d303489a5901d234d169cfa9d5c8010"},
    {file = "miniupnpc-2.2.8-cp311-cp311-manylinux_2_17_aarch64.manylinux2014_aarch64.whl", hash = "sha256:d2ccc80fea5090d02cb40f439ebe66404eae0ce37da081ec4b884d37dbe35c2b"},
    {file = "miniupnpc-2.2.8-cp311-cp311-manylinux_2_17_x86_64.manylinux2014_x86_64.whl", hash = "sha256:2f90bff460d4582428999d0085f72e33fe853c8cc0b41463a02160807ef843aa"},
    {file = "miniupnpc-2.2.8-cp311-cp311-win32.whl", hash = "sha256:2aa80cfcc409069cdbbd550baeb535bdb69a9299a5600a3116380a9ee6c2eaf0"},
    {file = "miniupnpc-2.2.8-cp311-cp311-win_amd64.whl", hash = "sha256:cb5cebeec3c38e74129f584cb25710c056ced1c70b652d137f2d33aeba6b0847"},
    {file = "miniupnpc-2.2.8-cp312-cp312-macosx_11_0_arm64.whl", hash = "sha256:8932a8e1f196eccd1589e330520485d3bfadaf67ffa9c9da53bcb3e932913fff"},
    {file = "miniupnpc-2.2.8-cp312-cp312-macosx_11_0_universal2.whl", hash = "sha256:a3d2befdc62c708c56a0e950724d543144a2aaf331e8adfc9e7d46e145727277"},
    {file = "miniupnpc-2.2.8-cp312-cp312-macosx_11_0_x86_64.whl", hash = "sha256:d9896a6f0730fd18d9d99c2cac4e8c9ac5ffcb880073e9611198a5bd262e4423"},
    {file = "miniupnpc-2.2.8-cp312-cp312-manylinux_2_17_aarch64.manylinux2014_aarch64.whl", hash = "sha256:7ae1be6c1b49c5294ed41472ac6968ff13a5f4816bb06ac1127fc907496128fe"},
    {file = "miniupnpc-2.2.8-cp312-cp312-manylinux_2_17_x86_64.manylinux2014_x86_64.whl", hash = "sha256:6db8cec1860f030c0a457fb0e4099cf672b9b493f7c0bc0d7eddb4f18a483ac0"},
    {file = "miniupnpc-2.2.8-cp312-cp312-win32.whl", hash = "sha256:1c043639bc61f726ad71e4f1f9fb2adadf0b3c99890175aa0317cd7bbb3f78ba"},
    {file = "miniupnpc-2.2.8-cp312-cp312-win_amd64.whl", hash = "sha256:8ae6acc23abc262a458ca76a29fc8e4221453d48a3c58ee663e74be3db404b55"},
    {file = "miniupnpc-2.2.8-cp35-cp35m-win32.whl", hash = "sha256:bf00a08cd70c5c4be75a06f3b59bbe3b25deeb1723362740cfbd3d78af8915ee"},
    {file = "miniupnpc-2.2.8-cp36-cp36m-win32.whl", hash = "sha256:b39c324e4c4d0f8557380cec2b5d7667025516de3ca6436adbcf6eeca3010303"},
    {file = "miniupnpc-2.2.8-cp36-cp36m-win_amd64.whl", hash = "sha256:2ce9ca67334a567d08302eb13e07dcfffe15b0d958c04c40ebd04d089a0e1261"},
    {file = "miniupnpc-2.2.8-cp37-cp37m-macosx_11_0_x86_64.whl", hash = "sha256:25edd446f69b64ffcb847f8aa6f3550d3558b03159f0039051573854e019fc87"},
    {file = "miniupnpc-2.2.8-cp37-cp37m-manylinux_2_12_x86_64.manylinux2010_x86_64.whl", hash = "sha256:f1cdae8b74a46d05bd0d26a1548b074d2406529e7df637bb59ca677f60b16b8b"},
    {file = "miniupnpc-2.2.8-cp37-cp37m-manylinux_2_17_aarch64.manylinux2014_aarch64.whl", hash = "sha256:929a126d9775e36ab3d4378c594309051c40fe0dc3a00e467f182b50f0efe403"},
    {file = "miniupnpc-2.2.8-cp37-cp37m-win32.whl", hash = "sha256:0f7b0255ab09d44fac1b2c634fa3e377e8b7270d09ccef0d33c574e408765cb3"},
    {file = "miniupnpc-2.2.8-cp37-cp37m-win_amd64.whl", hash = "sha256:d377d8a0e7f06139fd7876b314bd9f705458ef8818a198bb225aa2643a44cd49"},
    {file = "miniupnpc-2.2.8-cp38-cp38-macosx_11_0_universal2.whl", hash = "sha256:d5c19e2b5a7e70be4e32798bac652f564f3a1155e3dcaba311e386210ad05afc"},
    {file = "miniupnpc-2.2.8-cp38-cp38-macosx_11_0_x86_64.whl", hash = "sha256:0820c92495f966405fa3896a21fa0cb4d14ab77cda4d0bd23d6efba30bbab754"},
    {file = "miniupnpc-2.2.8-cp38-cp38-manylinux_2_12_x86_64.manylinux2010_x86_64.whl", hash = "sha256:f7b079aaa32f50411be54083dd65e5e2f0ac3d6e2cccbb4a18e621dd87394820"},
    {file = "miniupnpc-2.2.8-cp38-cp38-manylinux_2_17_aarch64.manylinux2014_aarch64.whl", hash = "sha256:6ca5c3727e3e8f874be340bbb043657c573ee13214a196381ec28e3a78b30312"},
    {file = "miniupnpc-2.2.8-cp38-cp38-win32.whl", hash = "sha256:fbeb8bfad863c971305ac465f281a7f070964977113007fbcfb9ce3d1b88ceac"},
    {file = "miniupnpc-2.2.8-cp38-cp38-win_amd64.whl", hash = "sha256:30d5e15405c6c0675cbdca475eb0e5ab64301345f48886900119d72bdfb8d848"},
    {file = "miniupnpc-2.2.8-cp39-cp39-macosx_11_0_universal2.whl", hash = "sha256:023623d59909e94e5a1abff27ae64d047b3e4fd0ca8d136fd9319f1c327af3e5"},
    {file = "miniupnpc-2.2.8-cp39-cp39-macosx_11_0_x86_64.whl", hash = "sha256:95d0368eac4bf0427875abffa3083cbe0c962e4bab6bf98a629cb48d827226ff"},
    {file = "miniupnpc-2.2.8-cp39-cp39-manylinux_2_12_x86_64.manylinux2010_x86_64.whl", hash = "sha256:d13853819a92a111014cf7bcef0dcae0e825c3f43242b7861183a705ccfdb23d"},
    {file = "miniupnpc-2.2.8-cp39-cp39-manylinux_2_17_aarch64.manylinux2014_aarch64.whl", hash = "sha256:2e9b10ba95998429198712a1075e11251408fa5e0b4217720b51e78df337e319"},
    {file = "miniupnpc-2.2.8-cp39-cp39-win32.whl", hash = "sha256:677ef508b7b4a4b6d21eba21dc7114add7e4a5601f0512f73b8b2be428c52c34"},
    {file = "miniupnpc-2.2.8-cp39-cp39-win_amd64.whl", hash = "sha256:210b1ca8edbc6d482c416e06f02f33970d547439f72fa2297b10da11164f8dcd"},
    {file = "miniupnpc-2.2.8.tar.gz", hash = "sha256:2b0a4d565fad6536471d9296f69ddafd2d276495ba9597ed8c12bd10291150ca"},
]

[[package]]
name = "rpcudp"
version = "5.0.0"
description = "Asynchronous RPC via UDP"
optional = false
python-versions = "*"
files = [
    {file = "rpcudp-5.0.0.tar.gz", hash = "sha256:fa4a7cbdfe25101de9d71b89cbaeaddc02b9db3457ae74484855fe044b5e173a"},
]

[package.dependencies]
u-msgpack-python = ">=2.6"

[[package]]
name = "setuptools"
version = "75.6.0"
description = "Easily download, build, install, upgrade, and uninstall Python packages"
optional = false
python-versions = ">=3.9"
files = [
    {file = "setuptools-75.6.0-py3-none-any.whl", hash = "sha256:ce74b49e8f7110f9bf04883b730f4765b774ef3ef28f722cce7c273d253aaf7d"},
    {file = "setuptools-75.6.0.tar.gz", hash = "sha256:8199222558df7c86216af4f84c30e9b34a61d8ba19366cc914424cdbd28252f6"},
]

[package.extras]
check = ["pytest-checkdocs (>=2.4)", "pytest-ruff (>=0.2.1)", "ruff (>=0.7.0)"]
core = ["importlib_metadata (>=6)", "jaraco.collections", "jaraco.functools (>=4)", "jaraco.text (>=3.7)", "more_itertools", "more_itertools (>=8.8)", "packaging", "packaging (>=24.2)", "platformdirs (>=4.2.2)", "tomli (>=2.0.1)", "wheel (>=0.43.0)"]
cover = ["pytest-cov"]
doc = ["furo", "jaraco.packaging (>=9.3)", "jaraco.tidelift (>=1.4)", "pygments-github-lexers (==0.0.5)", "pyproject-hooks (!=1.1)", "rst.linker (>=1.9)", "sphinx (>=3.5)", "sphinx-favicon", "sphinx-inline-tabs", "sphinx-lint", "sphinx-notfound-page (>=1,<2)", "sphinx-reredirects", "sphinxcontrib-towncrier", "towncrier (<24.7)"]
enabler = ["pytest-enabler (>=2.2)"]
test = ["build[virtualenv] (>=1.0.3)", "filelock (>=3.4.0)", "ini2toml[lite] (>=0.14)", "jaraco.develop (>=7.21)", "jaraco.envs (>=2.2)", "jaraco.path (>=3.2.0)", "jaraco.test (>=5.5)", "packaging (>=24.2)", "pip (>=19.1)", "pyproject-hooks (!=1.1)", "pytest (>=6,!=8.1.*)", "pytest-home (>=0.5)", "pytest-perf", "pytest-subprocess", "pytest-timeout", "pytest-xdist (>=3)", "tomli-w (>=1.0.0)", "virtualenv (>=13.0.0)", "wheel (>=0.44.0)"]
type = ["importlib_metadata (>=7.0.2)", "jaraco.develop (>=7.21)", "mypy (>=1.12,<1.14)", "pytest-mypy"]

[[package]]
name = "twisted"
version = "24.10.0"
description = "An asynchronous networking framework written in Python"
optional = false
python-versions = ">=3.8.0"
files = [
    {file = "twisted-24.10.0-py3-none-any.whl", hash = "sha256:67aa7c8aa94387385302acf44ade12967c747858c8bcce0f11d38077a11c5326"},
    {file = "twisted-24.10.0.tar.gz", hash = "sha256:02951299672595fea0f70fa2d5f7b5e3d56836157eda68859a6ad6492d36756e"},
]

[package.dependencies]
attrs = ">=22.2.0"
automat = ">=24.8.0"
constantly = ">=15.1"
hyperlink = ">=17.1.1"
incremental = ">=24.7.0"
typing-extensions = ">=4.2.0"
zope-interface = ">=5"

[package.extras]
all-non-platform = ["appdirs (>=1.4.0)", "appdirs (>=1.4.0)", "bcrypt (>=3.1.3)", "bcrypt (>=3.1.3)", "cryptography (>=3.3)", "cryptography (>=3.3)", "cython-test-exception-raiser (>=1.0.2,<2)", "cython-test-exception-raiser (>=1.0.2,<2)", "h2 (>=3.2,<5.0)", "h2 (>=3.2,<5.0)", "httpx[http2] (>=0.27)", "httpx[http2] (>=0.27)", "hypothesis (>=6.56)", "hypothesis (>=6.56)", "idna (>=2.4)", "idna (>=2.4)", "priority (>=1.1.0,<2.0)", "priority (>=1.1.0,<2.0)", "pyhamcrest (>=2)", "pyhamcrest (>=2)", "pyopenssl (>=21.0.0)", "pyopenssl (>=21.0.0)", "pyserial (>=3.0)", "pyserial (>=3.0)", "pywin32 (!=226)", "pywin32 (!=226)", "service-identity (>=18.1.0)", "service-identity (>=18.1.0)"]
conch = ["appdirs (>=1.4.0)", "bcrypt (>=3.1.3)", "cryptography (>=3.3)"]
dev = ["coverage (>=7.5,<8.0)", "cython-test-exception-raiser (>=1.0.2,<2)", "httpx[http2] (>=0.27)", "hypothesis (>=6.56)", "pydoctor (>=23.9.0,<23.10.0)", "pyflakes (>=2.2,<3.0)", "pyhamcrest (>=2)", "python-subunit (>=1.4,<2.0)", "sphinx (>=6,<7)", "sphinx-rtd-theme (>=1.3,<2.0)", "towncrier (>=23.6,<24.0)", "twistedchecker (>=0.7,<1.0)"]
dev-release = ["pydoctor (>=23.9.0,<23.10.0)", "pydoctor (>=23.9.0,<23.10.0)", "sphinx (>=6,<7)", "sphinx (>=6,<7)", "sphinx-rtd-theme (>=1.3,<2.0)", "sphinx-rtd-theme (>=1.3,<2.0)", "towncrier (>=23.6,<24.0)", "towncrier (>=23.6,<24.0)"]
gtk-platform = ["appdirs (>=1.4.0)", "appdirs (>=1.4.0)", "bcrypt (>=3.1.3)", "bcrypt (>=3.1.3)", "cryptography (>=3.3)", "cryptography (>=3.3)", "cython-test-exception-raiser (>=1.0.2,<2)", "cython-test-exception-raiser (>=1.0.2,<2)", "h2 (>=3.2,<5.0)", "h2 (>=3.2,<5.0)", "httpx[http2] (>=0.27)", "httpx[http2] (>=0.27)", "hypothesis (>=6.56)", "hypothesis (>=6.56)", "idna (>=2.4)", "idna (>=2.4)", "priority (>=1.1.0,<2.0)", "priority (>=1.1.0,<2.0)", "pygobject", "pygobject", "pyhamcrest (>=2)", "pyhamcrest (>=2)", "pyopenssl (>=21.0.0)", "pyopenssl (>=21.0.0)", "pyserial (>=3.0)", "pyserial (>=3.0)", "pywin32 (!=226)", "pywin32 (!=226)", "service-identity (>=18.1.0)", "service-identity (>=18.1.0)"]
http2 = ["h2 (>=3.2,<5.0)", "priority (>=1.1.0,<2.0)"]
macos-platform = ["appdirs (>=1.4.0)", "appdirs (>=1.4.0)", "bcrypt (>=3.1.3)", "bcrypt (>=3.1.3)", "cryptography (>=3.3)", "cryptography (>=3.3)", "cython-test-exception-raiser (>=1.0.2,<2)", "cython-test-exception-raiser (>=1.0.2,<2)", "h2 (>=3.2,<5.0)", "h2 (>=3.2,<5.0)", "httpx[http2] (>=0.27)", "httpx[http2] (>=0.27)", "hypothesis (>=6.56)", "hypothesis (>=6.56)", "idna (>=2.4)", "idna (>=2.4)", "priority (>=1.1.0,<2.0)", "priority (>=1.1.0,<2.0)", "pyhamcrest (>=2)", "pyhamcrest (>=2)", "pyobjc-core", "pyobjc-core", "pyobjc-framework-cfnetwork", "pyobjc-framework-cfnetwork", "pyobjc-framework-cocoa", "pyobjc-framework-cocoa", "pyopenssl (>=21.0.0)", "pyopenssl (>=21.0.0)", "pyserial (>=3.0)", "pyserial (>=3.0)", "pywin32 (!=226)", "pywin32 (!=226)", "service-identity (>=18.1.0)", "service-identity (>=18.1.0)"]
mypy = ["appdirs (>=1.4.0)", "bcrypt (>=3.1.3)", "coverage (>=7.5,<8.0)", "cryptography (>=3.3)", "cython-test-exception-raiser (>=1.0.2,<2)", "h2 (>=3.2,<5.0)", "httpx[http2] (>=0.27)", "hypothesis (>=6.56)", "idna (>=2.4)", "mypy (==1.10.1)", "mypy-zope (==1.0.6)", "priority (>=1.1.0,<2.0)", "pydoctor (>=23.9.0,<23.10.0)", "pyflakes (>=2.2,<3.0)", "pyhamcrest (>=2)", "pyopenssl (>=21.0.0)", "pyserial (>=3.0)", "python-subunit (>=1.4,<2.0)", "pywin32 (!=226)", "service-identity (>=18.1.0)", "sphinx (>=6,<7)", "sphinx-rtd-theme (>=1.3,<2.0)", "towncrier (>=23.6,<24.0)", "twistedchecker (>=0.7,<1.0)", "types-pyopenssl", "types-setuptools"]
osx-platform = ["appdirs (>=1.4.0)", "appdirs (>=1.4.0)", "bcrypt (>=3.1.3)", "bcrypt (>=3.1.3)", "cryptography (>=3.3)", "cryptography (>=3.3)", "cython-test-exception-raiser (>=1.0.2,<2)", "cython-test-exception-raiser (>=1.0.2,<2)", "h2 (>=3.2,<5.0)", "h2 (>=3.2,<5.0)", "httpx[http2] (>=0.27)", "httpx[http2] (>=0.27)", "hypothesis (>=6.56)", "hypothesis (>=6.56)", "idna (>=2.4)", "idna (>=2.4)", "priority (>=1.1.0,<2.0)", "priority (>=1.1.0,<2.0)", "pyhamcrest (>=2)", "pyhamcrest (>=2)", "pyobjc-core", "pyobjc-core", "pyobjc-framework-cfnetwork", "pyobjc-framework-cfnetwork", "pyobjc-framework-cocoa", "pyobjc-framework-cocoa", "pyopenssl (>=21.0.0)", "pyopenssl (>=21.0.0)", "pyserial (>=3.0)", "pyserial (>=3.0)", "pywin32 (!=226)", "pywin32 (!=226)", "service-identity (>=18.1.0)", "service-identity (>=18.1.0)"]
serial = ["pyserial (>=3.0)", "pywin32 (!=226)"]
test = ["cython-test-exception-raiser (>=1.0.2,<2)", "httpx[http2] (>=0.27)", "hypothesis (>=6.56)", "pyhamcrest (>=2)"]
tls = ["idna (>=2.4)", "pyopenssl (>=21.0.0)", "service-identity (>=18.1.0)"]
windows-platform = ["appdirs (>=1.4.0)", "appdirs (>=1.4.0)", "bcrypt (>=3.1.3)", "bcrypt (>=3.1.3)", "cryptography (>=3.3)", "cryptography (>=3.3)", "cython-test-exception-raiser (>=1.0.2,<2)", "cython-test-exception-raiser (>=1.0.2,<2)", "h2 (>=3.2,<5.0)", "h2 (>=3.2,<5.0)", "httpx[http2] (>=0.27)", "httpx[http2] (>=0.27)", "hypothesis (>=6.56)", "hypothesis (>=6.56)", "idna (>=2.4)", "idna (>=2.4)", "priority (>=1.1.0,<2.0)", "priority (>=1.1.0,<2.0)", "pyhamcrest (>=2)", "pyhamcrest (>=2)", "pyopenssl (>=21.0.0)", "pyopenssl (>=21.0.0)", "pyserial (>=3.0)", "pyserial (>=3.0)", "pywin32 (!=226)", "pywin32 (!=226)", "pywin32 (!=226)", "pywin32 (!=226)", "service-identity (>=18.1.0)", "service-identity (>=18.1.0)", "twisted-iocpsupport (>=1.0.2)", "twisted-iocpsupport (>=1.0.2)"]

[[package]]
name = "typing-extensions"
version = "4.12.2"
description = "Backported and Experimental Type Hints for Python 3.8+"
optional = false
python-versions = ">=3.8"
files = [
    {file = "typing_extensions-4.12.2-py3-none-any.whl", hash = "sha256:04e5ca0351e0f3f85c6853954072df659d0d13fac324d0072316b67d7794700d"},
    {file = "typing_extensions-4.12.2.tar.gz", hash = "sha256:1a7ead55c7e559dd4dee8856e3a88b41225abfe1ce8df57b7c13915fe121ffb8"},
]

[[package]]
name = "u-msgpack-python"
version = "2.8.0"
description = "A portable, lightweight MessagePack serializer and deserializer written in pure Python."
optional = false
python-versions = "*"
files = [
    {file = "u-msgpack-python-2.8.0.tar.gz", hash = "sha256:b801a83d6ed75e6df41e44518b4f2a9c221dc2da4bcd5380e3a0feda520bc61a"},
    {file = "u_msgpack_python-2.8.0-py2.py3-none-any.whl", hash = "sha256:1d853d33e78b72c4228a2025b4db28cda81214076e5b0422ed0ae1b1b2bb586a"},
]

[[package]]
name = "zope-interface"
version = "7.1.1"
description = "Interfaces for Python"
optional = false
python-versions = ">=3.8"
files = [
    {file = "zope.interface-7.1.1-cp310-cp310-macosx_10_9_x86_64.whl", hash = "sha256:6650bd56ef350d37c8baccfd3ee8a0483ed6f8666e641e4b9ae1a1827b79f9e5"},
    {file = "zope.interface-7.1.1-cp310-cp310-macosx_11_0_arm64.whl", hash = "sha256:84e87eba6b77a3af187bae82d8de1a7c208c2a04ec9f6bd444fd091b811ad92e"},
    {file = "zope.interface-7.1.1-cp310-cp310-manylinux_2_17_aarch64.manylinux2014_aarch64.whl", hash = "sha256:1c4e1b4c06d9abd1037c088dae1566c85f344a3e6ae4350744c3f7f7259d9c67"},
    {file = "zope.interface-7.1.1-cp310-cp310-manylinux_2_5_i686.manylinux1_i686.manylinux_2_17_i686.manylinux2014_i686.whl", hash = "sha256:7cd5e3d910ac87652a09f6e5db8e41bc3b49cf08ddd2d73d30afc644801492cd"},
    {file = "zope.interface-7.1.1-cp310-cp310-manylinux_2_5_x86_64.manylinux1_x86_64.manylinux_2_17_x86_64.manylinux2014_x86_64.whl", hash = "sha256:ca95594d936ee349620900be5b46c0122a1ff6ce42d7d5cb2cf09dc84071ef16"},
    {file = "zope.interface-7.1.1-cp310-cp310-win_amd64.whl", hash = "sha256:ad339509dcfbbc99bf8e147db6686249c4032f26586699ec4c82f6e5909c9fe2"},
    {file = "zope.interface-7.1.1-cp311-cp311-macosx_10_9_x86_64.whl", hash = "sha256:3e59f175e868f856a77c0a77ba001385c377df2104fdbda6b9f99456a01e102a"},
    {file = "zope.interface-7.1.1-cp311-cp311-macosx_11_0_arm64.whl", hash = "sha256:0de23bcb93401994ea00bc5c677ef06d420340ac0a4e9c10d80e047b9ce5af3f"},
    {file = "zope.interface-7.1.1-cp311-cp311-manylinux_2_17_aarch64.manylinux2014_aarch64.whl", hash = "sha256:5cdb7e7e5524b76d3ec037c1d81a9e2c7457b240fd4cb0a2476b65c3a5a6c81f"},
    {file = "zope.interface-7.1.1-cp311-cp311-manylinux_2_5_i686.manylinux1_i686.manylinux_2_17_i686.manylinux2014_i686.whl", hash = "sha256:3603ef82a9920bd0bfb505423cb7e937498ad971ad5a6141841e8f76d2fd5446"},
    {file = "zope.interface-7.1.1-cp311-cp311-manylinux_2_5_x86_64.manylinux1_x86_64.manylinux_2_17_x86_64.manylinux2014_x86_64.whl", hash = "sha256:f1d52d052355e0c5c89e0630dd2ff7c0b823fd5f56286a663e92444761b35e25"},
    {file = "zope.interface-7.1.1-cp311-cp311-win_amd64.whl", hash = "sha256:179ad46ece518c9084cb272e4a69d266b659f7f8f48e51706746c2d8a426433e"},
    {file = "zope.interface-7.1.1-cp312-cp312-macosx_10_9_x86_64.whl", hash = "sha256:e6503534b52bb1720ace9366ee30838a58a3413d3e197512f3338c8f34b5d89d"},
    {file = "zope.interface-7.1.1-cp312-cp312-macosx_11_0_arm64.whl", hash = "sha256:f85b290e5b8b11814efb0d004d8ce6c9a483c35c462e8d9bf84abb93e79fa770"},
    {file = "zope.interface-7.1.1-cp312-cp312-manylinux_2_17_aarch64.manylinux2014_aarch64.whl", hash = "sha256:d029fac6a80edae80f79c37e5e3abfa92968fe921886139b3ee470a1b177321a"},
    {file = "zope.interface-7.1.1-cp312-cp312-manylinux_2_5_i686.manylinux1_i686.manylinux_2_17_i686.manylinux2014_i686.whl", hash = "sha256:5836b8fb044c6e75ba34dfaabc602493019eadfa0faf6ff25f4c4c356a71a853"},
    {file = "zope.interface-7.1.1-cp312-cp312-manylinux_2_5_x86_64.manylinux1_x86_64.manylinux_2_17_x86_64.manylinux2014_x86_64.whl", hash = "sha256:7395f13533318f150ee72adb55b29284b16e73b6d5f02ab21f173b3e83f242b8"},
    {file = "zope.interface-7.1.1-cp312-cp312-win_amd64.whl", hash = "sha256:1d0e23c6b746eb8ce04573cc47bcac60961ac138885d207bd6f57e27a1431ae8"},
    {file = "zope.interface-7.1.1-cp313-cp313-macosx_10_9_x86_64.whl", hash = "sha256:9fad9bd5502221ab179f13ea251cb30eef7cf65023156967f86673aff54b53a0"},
    {file = "zope.interface-7.1.1-cp313-cp313-macosx_11_0_arm64.whl", hash = "sha256:55c373becbd36a44d0c9be1d5271422fdaa8562d158fb44b4192297b3c67096c"},
    {file = "zope.interface-7.1.1-cp313-cp313-manylinux_2_17_aarch64.manylinux2014_aarch64.whl", hash = "sha256:ed1df8cc01dd1e3970666a7370b8bfc7457371c58ba88c57bd5bca17ab198053"},
    {file = "zope.interface-7.1.1-cp313-cp313-manylinux_2_5_i686.manylinux1_i686.manylinux_2_17_i686.manylinux2014_i686.whl", hash = "sha256:99c14f0727c978639139e6cad7a60e82b7720922678d75aacb90cf4ef74a068c"},
    {file = "zope.interface-7.1.1-cp313-cp313-manylinux_2_5_x86_64.manylinux1_x86_64.manylinux_2_17_x86_64.manylinux2014_x86_64.whl", hash = "sha256:9b1eed7670d564f1025d7cda89f99f216c30210e42e95de466135be0b4a499d9"},
    {file = "zope.interface-7.1.1-cp313-cp313-win_amd64.whl", hash = "sha256:3defc925c4b22ac1272d544a49c6ba04c3eefcce3200319ee1be03d9270306dd"},
    {file = "zope.interface-7.1.1-cp38-cp38-macosx_10_9_x86_64.whl", hash = "sha256:8d0fe45be57b5219aa4b96e846631c04615d5ef068146de5a02ccd15c185321f"},
    {file = "zope.interface-7.1.1-cp38-cp38-macosx_11_0_arm64.whl", hash = "sha256:bcbeb44fc16e0078b3b68a95e43f821ae34dcbf976dde6985141838a5f23dd3d"},
    {file = "zope.interface-7.1.1-cp38-cp38-manylinux_2_17_aarch64.manylinux2014_aarch64.whl", hash = "sha256:c8e7b05dc6315a193cceaec071cc3cf1c180cea28808ccded0b1283f1c38ba73"},
    {file = "zope.interface-7.1.1-cp38-cp38-manylinux_2_5_i686.manylinux1_i686.manylinux_2_17_i686.manylinux2014_i686.whl", hash = "sha256:2d553e02b68c0ea5a226855f02edbc9eefd99f6a8886fa9f9bdf999d77f46585"},
    {file = "zope.interface-7.1.1-cp38-cp38-manylinux_2_5_x86_64.manylinux1_x86_64.manylinux_2_17_x86_64.manylinux2014_x86_64.whl", hash = "sha256:81744a7e61b598ebcf4722ac56a7a4f50502432b5b4dc7eb29075a89cf82d029"},
    {file = "zope.interface-7.1.1-cp38-cp38-win_amd64.whl", hash = "sha256:7720322763aceb5e0a7cadcc38c67b839efe599f0887cbf6c003c55b1458c501"},
    {file = "zope.interface-7.1.1-cp39-cp39-macosx_10_9_x86_64.whl", hash = "sha256:1a2ed0852c25950cf430067f058f8d98df6288502ac313861d9803fe7691a9b3"},
    {file = "zope.interface-7.1.1-cp39-cp39-macosx_11_0_arm64.whl", hash = "sha256:9595e478047ce752b35cfa221d7601a5283ccdaab40422e0dc1d4a334c70f580"},
    {file = "zope.interface-7.1.1-cp39-cp39-manylinux_2_17_aarch64.manylinux2014_aarch64.whl", hash = "sha256:2317e1d4dba68203a5227ea3057f9078ec9376275f9700086b8f0ffc0b358e1b"},
    {file = "zope.interface-7.1.1-cp39-cp39-manylinux_2_5_i686.manylinux1_i686.manylinux_2_17_i686.manylinux2014_i686.whl", hash = "sha256:d6821ef9870f32154da873fcde439274f99814ea452dd16b99fa0b66345c4b6b"},
    {file = "zope.interface-7.1.1-cp39-cp39-manylinux_2_5_x86_64.manylinux1_x86_64.manylinux_2_17_x86_64.manylinux2014_x86_64.whl", hash = "sha256:190eeec67e023d5aac54d183fa145db0b898664234234ac54643a441da434616"},
    {file = "zope.interface-7.1.1-cp39-cp39-win_amd64.whl", hash = "sha256:d17e7fc814eaab93409b80819fd6d30342844345c27f3bc3c4b43c2425a8d267"},
    {file = "zope.interface-7.1.1.tar.gz", hash = "sha256:4284d664ef0ff7b709836d4de7b13d80873dc5faeffc073abdb280058bfac5e3"},
]

[package.dependencies]
setuptools = "*"

[package.extras]
docs = ["Sphinx", "furo", "repoze.sphinx.autointerface"]
test = ["coverage[toml]", "zope.event", "zope.testing"]
testing = ["coverage[toml]", "zope.event", "zope.testing"]

[metadata]
lock-version = "2.0"
python-versions = "^3.12"
content-hash = "334e4bd69526600f77559ac3b520020e5462c2ef0ffc652053d009cdbacc9fd4"
